
Microsoft Visual Studio Solution File, Format Version 12.00
# Visual Studio Version 17
VisualStudioVersion = 17.3.32922.545
MinimumVisualStudioVersion = 10.0.40219.1
Project("{FAE04EC0-301F-11D3-BF4B-00C04F79EFBC}") = "Taschenrechner", "Taschenrechner.csproj", "{A3DE3A3B-297E-49ED-BCED-EAB73D63C93D}"
EndProject
Global
	GlobalSection(SolutionConfigurationPlatforms) = preSolution
		Debug|Any CPU = Debug|Any CPU
		Release|Any CPU = Release|Any CPU
	EndGlobalSection
	GlobalSection(ProjectConfigurationPlatforms) = postSolution
		{A3DE3A3B-297E-49ED-BCED-EAB73D63C93D}.Debug|Any CPU.ActiveCfg = Debug|Any CPU
		{A3DE3A3B-297E-49ED-BCED-EAB73D63C93D}.Debug|Any CPU.Build.0 = Debug|Any CPU
		{A3DE3A3B-297E-49ED-BCED-EAB73D63C93D}.Release|Any CPU.ActiveCfg = Release|Any CPU
		{A3DE3A3B-297E-49ED-BCED-EAB73D63C93D}.Release|Any CPU.Build.0 = Release|Any CPU
	EndGlobalSection
	GlobalSection(SolutionProperties) = preSolution
		HideSolutionNode = FALSE
	EndGlobalSection
	GlobalSection(ExtensibilityGlobals) = postSolution
		SolutionGuid = {EFF3F09A-F0E3-4C05-906D-EE91AD2150D7}
	EndGlobalSection
EndGlobal
